
Microsoft Visual Studio Solution File, Format Version 12.00
# Visual Studio Version 16
VisualStudioVersion = 16.0.29326.143
MinimumVisualStudioVersion = 10.0.40219.1
Project("{FAE04EC0-301F-11D3-BF4B-00C04F79EFBC}") = "AngularPollAPI", "AngularPollAPI\AngularPollAPI.csproj", "{1DC482A1-7313-474B-917D-FF02F7CA2DC5}"
EndProject
Global
	GlobalSection(SolutionConfigurationPlatforms) = preSolution
		Debug|Any CPU = Debug|Any CPU
		Release|Any CPU = Release|Any CPU
	EndGlobalSection
	GlobalSection(ProjectConfigurationPlatforms) = postSolution
		{1DC482A1-7313-474B-917D-FF02F7CA2DC5}.Debug|Any CPU.ActiveCfg = Debug|Any CPU
		{1DC482A1-7313-474B-917D-FF02F7CA2DC5}.Debug|Any CPU.Build.0 = Debug|Any CPU
		{1DC482A1-7313-474B-917D-FF02F7CA2DC5}.Release|Any CPU.ActiveCfg = Release|Any CPU
		{1DC482A1-7313-474B-917D-FF02F7CA2DC5}.Release|Any CPU.Build.0 = Release|Any CPU
	EndGlobalSection
	GlobalSection(SolutionProperties) = preSolution
		HideSolutionNode = FALSE
	EndGlobalSection
	GlobalSection(ExtensibilityGlobals) = postSolution
		SolutionGuid = {0E468EE5-7850-44E4-B207-6E9685010428}
	EndGlobalSection
EndGlobal
